
Microsoft Visual Studio Solution File, Format Version 12.00
# Visual Studio Version 17
VisualStudioVersion = 17.4.33213.308
MinimumVisualStudioVersion = 10.0.40219.1
Project("{FAE04EC0-301F-11D3-BF4B-00C04F79EFBC}") = "centy", "centy\centy.csproj", "{1C5F618D-7A3E-4143-AC66-E85B680AB23A}"
EndProject
Global
	GlobalSection(SolutionConfigurationPlatforms) = preSolution
		Debug|Any CPU = Debug|Any CPU
		Release|Any CPU = Release|Any CPU
	EndGlobalSection
	GlobalSection(ProjectConfigurationPlatforms) = postSolution
		{1C5F618D-7A3E-4143-AC66-E85B680AB23A}.Debug|Any CPU.ActiveCfg = Debug|Any CPU
		{1C5F618D-7A3E-4143-AC66-E85B680AB23A}.Debug|Any CPU.Build.0 = Debug|Any CPU
		{1C5F618D-7A3E-4143-AC66-E85B680AB23A}.Release|Any CPU.ActiveCfg = Release|Any CPU
		{1C5F618D-7A3E-4143-AC66-E85B680AB23A}.Release|Any CPU.Build.0 = Release|Any CPU
	EndGlobalSection
	GlobalSection(SolutionProperties) = preSolution
		HideSolutionNode = FALSE
	EndGlobalSection
	GlobalSection(ExtensibilityGlobals) = postSolution
		SolutionGuid = {C709EEA3-A18E-46DA-80DD-5018777DC526}
	EndGlobalSection
EndGlobal
